// !$*UTF8*$!
{
	archiveVersion = 1;
	classes = {
	};
	objectVersion = 46;
	objects = {

/* Begin PBXBuildFile section */
		C979AE6F1BD640760050A926 /* CallListViewController.m in Sources */ = {isa = PBXBuildFile; fileRef = C979AE6E1BD640760050A926 /* CallListViewController.m */; };
		C979AE721BD6408A0050A926 /* PhotographListViewController.m in Sources */ = {isa = PBXBuildFile; fileRef = C979AE711BD6408A0050A926 /* PhotographListViewController.m */; };
		C979AE751BD640940050A926 /* RecordListViewController.m in Sources */ = {isa = PBXBuildFile; fileRef = C979AE741BD640940050A926 /* RecordListViewController.m */; };
		C979AE781BD641260050A926 /* VideoListViewController.m in Sources */ = {isa = PBXBuildFile; fileRef = C979AE771BD641260050A926 /* VideoListViewController.m */; };
		C988B5A41BDF0B6100A5F2E4 /* VideoCell.m in Sources */ = {isa = PBXBuildFile; fileRef = C988B5A31BDF0B6100A5F2E4 /* VideoCell.m */; };
		C988B5A71BDF0B7900A5F2E4 /* RecordCell.m in Sources */ = {isa = PBXBuildFile; fileRef = C988B5A61BDF0B7900A5F2E4 /* RecordCell.m */; };
		C98A8C9E1BCDEA5D0096C69B /* BaseItem.m in Sources */ = {isa = PBXBuildFile; fileRef = C98A8C9D1BCDEA5D0096C69B /* BaseItem.m */; };
		C98A8CA11BCDEA740096C69B /* VideoItem.m in Sources */ = {isa = PBXBuildFile; fileRef = C98A8CA01BCDEA740096C69B /* VideoItem.m */; };
		C98A8CA41BCDEA870096C69B /* RecordItem.m in Sources */ = {isa = PBXBuildFile; fileRef = C98A8CA31BCDEA870096C69B /* RecordItem.m */; };
		C98A8CA71BCDEAA50096C69B /* PhotographItem.m in Sources */ = {isa = PBXBuildFile; fileRef = C98A8CA61BCDEAA50096C69B /* PhotographItem.m */; };
		C98A8CB01BCDEEA10096C69B /* CameraUtility.m in Sources */ = {isa = PBXBuildFile; fileRef = C98A8CAA1BCDEEA10096C69B /* CameraUtility.m */; };
		C98A8CB11BCDEEA10096C69B /* UIImage+Utils.m in Sources */ = {isa = PBXBuildFile; fileRef = C98A8CAC1BCDEEA10096C69B /* UIImage+Utils.m */; };
		C98A8CB21BCDEEA10096C69B /* VPImageCropperViewController.m in Sources */ = {isa = PBXBuildFile; fileRef = C98A8CAF1BCDEEA10096C69B /* VPImageCropperViewController.m */; };
		C98A8CB51BCE51B70096C69B /* UploadViewController.m in Sources */ = {isa = PBXBuildFile; fileRef = C98A8CB41BCE51B70096C69B /* UploadViewController.m */; };
		C98A8CBB1BCE53A10096C69B /* XLButton.m in Sources */ = {isa = PBXBuildFile; fileRef = C98A8CB81BCE53A10096C69B /* XLButton.m */; };
		C98A8CBC1BCE53A10096C69B /* XLLabel.m in Sources */ = {isa = PBXBuildFile; fileRef = C98A8CBA1BCE53A10096C69B /* XLLabel.m */; };
		C98A8CBF1BCE53D40096C69B /* UIColor+Utils.m in Sources */ = {isa = PBXBuildFile; fileRef = C98A8CBE1BCE53D40096C69B /* UIColor+Utils.m */; };
		C9C937871BCC9B6A0055B52D /* main.m in Sources */ = {isa = PBXBuildFile; fileRef = C9C937861BCC9B6A0055B52D /* main.m */; };
		C9C9378A1BCC9B6A0055B52D /* AppDelegate.m in Sources */ = {isa = PBXBuildFile; fileRef = C9C937891BCC9B6A0055B52D /* AppDelegate.m */; };
		C9C937921BCC9B6A0055B52D /* Assets.xcassets in Resources */ = {isa = PBXBuildFile; fileRef = C9C937911BCC9B6A0055B52D /* Assets.xcassets */; };
		C9C937A01BCC9B6A0055B52D /* CarTests.m in Sources */ = {isa = PBXBuildFile; fileRef = C9C9379F1BCC9B6A0055B52D /* CarTests.m */; };
		C9C937AB1BCC9B6A0055B52D /* CarUITests.m in Sources */ = {isa = PBXBuildFile; fileRef = C9C937AA1BCC9B6A0055B52D /* CarUITests.m */; };
		C9C937C21BCCA0880055B52D /* EAIntroPage.m in Sources */ = {isa = PBXBuildFile; fileRef = C9C937BF1BCCA0880055B52D /* EAIntroPage.m */; };
		C9C937C31BCCA0880055B52D /* EAIntroView.m in Sources */ = {isa = PBXBuildFile; fileRef = C9C937C11BCCA0880055B52D /* EAIntroView.m */; };
		C9CBCB611BD76D7B005A5CF1 /* ACContactCell.m in Sources */ = {isa = PBXBuildFile; fileRef = C9CBCB5E1BD76D7B005A5CF1 /* ACContactCell.m */; };
		C9CBCB621BD76D7B005A5CF1 /* ACContactSingleCell.m in Sources */ = {isa = PBXBuildFile; fileRef = C9CBCB601BD76D7B005A5CF1 /* ACContactSingleCell.m */; };
		C9CBCB681BD76D8B005A5CF1 /* ChineseToPinyin.m in Sources */ = {isa = PBXBuildFile; fileRef = C9CBCB651BD76D8B005A5CF1 /* ChineseToPinyin.m */; };
		C9CBCB691BD76D8B005A5CF1 /* LongPressButton.m in Sources */ = {isa = PBXBuildFile; fileRef = C9CBCB671BD76D8B005A5CF1 /* LongPressButton.m */; };
		C9CBCB6C1BD76DB3005A5CF1 /* AttributedLabel.m in Sources */ = {isa = PBXBuildFile; fileRef = C9CBCB6B1BD76DB3005A5CF1 /* AttributedLabel.m */; };
		C9CBCB6E1BD76E67005A5CF1 /* AddressBook.framework in Frameworks */ = {isa = PBXBuildFile; fileRef = C9CBCB6D1BD76E67005A5CF1 /* AddressBook.framework */; };
		C9CBCB701BD76E71005A5CF1 /* AddressBookUI.framework in Frameworks */ = {isa = PBXBuildFile; fileRef = C9CBCB6F1BD76E71005A5CF1 /* AddressBookUI.framework */; };
		C9CF7ACA1BCF806100DBBCDA /* SettingViewController.m in Sources */ = {isa = PBXBuildFile; fileRef = C9CF7AC91BCF806100DBBCDA /* SettingViewController.m */; };
		C9CF7ACD1BCF837200DBBCDA /* ModifyPwdViewController.m in Sources */ = {isa = PBXBuildFile; fileRef = C9CF7ACC1BCF837200DBBCDA /* ModifyPwdViewController.m */; };
		C9CF7AD11BCF838600DBBCDA /* AboutViewController.m in Sources */ = {isa = PBXBuildFile; fileRef = C9CF7AD01BCF838600DBBCDA /* AboutViewController.m */; };
		C9CF7AD41BCF839000DBBCDA /* FeedbackViewController.m in Sources */ = {isa = PBXBuildFile; fileRef = C9CF7AD31BCF839000DBBCDA /* FeedbackViewController.m */; };
		C9CF7AD71BCF839A00DBBCDA /* UploadSettingViewController.m in Sources */ = {isa = PBXBuildFile; fileRef = C9CF7AD61BCF839A00DBBCDA /* UploadSettingViewController.m */; };
		C9CF7ADA1BCF83A700DBBCDA /* NotificationSettingViewController.m in Sources */ = {isa = PBXBuildFile; fileRef = C9CF7AD91BCF83A700DBBCDA /* NotificationSettingViewController.m */; };
		C9CF7ADE1BCF90BF00DBBCDA /* BidViewController.m in Sources */ = {isa = PBXBuildFile; fileRef = C9CF7ADD1BCF90BF00DBBCDA /* BidViewController.m */; };
		C9F31DC81BCCA5D200E598E6 /* Common.m in Sources */ = {isa = PBXBuildFile; fileRef = C9F31DC71BCCA5D200E598E6 /* Common.m */; };
		C9F31DD21BCCA76800E598E6 /* HttpDownload.m in Sources */ = {isa = PBXBuildFile; fileRef = C9F31DCA1BCCA76800E598E6 /* HttpDownload.m */; };
		C9F31DEF1BCCA9B400E598E6 /* EGORefreshTableHeaderView.m in Sources */ = {isa = PBXBuildFile; fileRef = C9F31DDF1BCCA9B400E598E6 /* EGORefreshTableHeaderView.m */; settings = {COMPILER_FLAGS = "-fno-objc-arc"; }; };
		C9F31DF01BCCA9B400E598E6 /* LoadMoreTableFooterView.m in Sources */ = {isa = PBXBuildFile; fileRef = C9F31DE11BCCA9B400E598E6 /* LoadMoreTableFooterView.m */; settings = {COMPILER_FLAGS = "-fno-objc-arc"; }; };
		C9F31DF11BCCA9B400E598E6 /* MessageInterceptor.m in Sources */ = {isa = PBXBuildFile; fileRef = C9F31DE31BCCA9B400E598E6 /* MessageInterceptor.m */; settings = {COMPILER_FLAGS = "-fno-objc-arc"; }; };
		C9F31DF21BCCA9B400E598E6 /* PullTableView.m in Sources */ = {isa = PBXBuildFile; fileRef = C9F31DE51BCCA9B400E598E6 /* PullTableView.m */; settings = {COMPILER_FLAGS = "-fno-objc-arc"; }; };
		C9F31DF31BCCA9B400E598E6 /* blackArrow.png in Resources */ = {isa = PBXBuildFile; fileRef = C9F31DE71BCCA9B400E598E6 /* blackArrow.png */; };
		C9F31DF41BCCA9B400E598E6 /* blackArrow@2x.png in Resources */ = {isa = PBXBuildFile; fileRef = C9F31DE81BCCA9B400E598E6 /* blackArrow@2x.png */; };
		C9F31DF51BCCA9B400E598E6 /* blueArrow.png in Resources */ = {isa = PBXBuildFile; fileRef = C9F31DE91BCCA9B400E598E6 /* blueArrow.png */; };
		C9F31DF61BCCA9B400E598E6 /* blueArrow@2x.png in Resources */ = {isa = PBXBuildFile; fileRef = C9F31DEA1BCCA9B400E598E6 /* blueArrow@2x.png */; };
		C9F31DF71BCCA9B400E598E6 /* grayArrow.png in Resources */ = {isa = PBXBuildFile; fileRef = C9F31DEB1BCCA9B400E598E6 /* grayArrow.png */; };
		C9F31DF81BCCA9B400E598E6 /* grayArrow@2x.png in Resources */ = {isa = PBXBuildFile; fileRef = C9F31DEC1BCCA9B400E598E6 /* grayArrow@2x.png */; };
		C9F31DF91BCCA9B400E598E6 /* whiteArrow.png in Resources */ = {isa = PBXBuildFile; fileRef = C9F31DED1BCCA9B400E598E6 /* whiteArrow.png */; };
		C9F31DFA1BCCA9B400E598E6 /* whiteArrow@2x.png in Resources */ = {isa = PBXBuildFile; fileRef = C9F31DEE1BCCA9B400E598E6 /* whiteArrow@2x.png */; };
		C9F31DFF1BCCAB3600E598E6 /* HttpRequest.m in Sources */ = {isa = PBXBuildFile; fileRef = C9F31DFC1BCCAB3600E598E6 /* HttpRequest.m */; };
		C9F31E001BCCAB3600E598E6 /* Response.m in Sources */ = {isa = PBXBuildFile; fileRef = C9F31DFE1BCCAB3600E598E6 /* Response.m */; };
		C9F31E041BCCAB8E00E598E6 /* Reachability.m in Sources */ = {isa = PBXBuildFile; fileRef = C9F31E031BCCAB8E00E598E6 /* Reachability.m */; settings = {COMPILER_FLAGS = "-fno-objc-arc"; }; };
		C9F31E181BCCB3E300E598E6 /* AppDelegate+Utils.m in Sources */ = {isa = PBXBuildFile; fileRef = C9F31E131BCCB3E300E598E6 /* AppDelegate+Utils.m */; };
		C9F31E191BCCB3E300E598E6 /* NSString+Utils.m in Sources */ = {isa = PBXBuildFile; fileRef = C9F31E151BCCB3E300E598E6 /* NSString+Utils.m */; };
		C9F31E1A1BCCB3E300E598E6 /* UIButton+Utils.m in Sources */ = {isa = PBXBuildFile; fileRef = C9F31E171BCCB3E300E598E6 /* UIButton+Utils.m */; };
		C9F31E1D1BCCB4B500E598E6 /* LoginViewController.m in Sources */ = {isa = PBXBuildFile; fileRef = C9F31E1C1BCCB4B500E598E6 /* LoginViewController.m */; };
		C9F31E211BCCB4C100E598E6 /* RegisterViewController.m in Sources */ = {isa = PBXBuildFile; fileRef = C9F31E201BCCB4C100E598E6 /* RegisterViewController.m */; };
		C9F31E241BCCB4CC00E598E6 /* UserCenterViewController.m in Sources */ = {isa = PBXBuildFile; fileRef = C9F31E231BCCB4CC00E598E6 /* UserCenterViewController.m */; };
		C9F31E271BCCB59A00E598E6 /* SQLiteOperate.m in Sources */ = {isa = PBXBuildFile; fileRef = C9F31E261BCCB59A00E598E6 /* SQLiteOperate.m */; };
		C9F31E2F1BCCB69200E598E6 /* libsqlite3.tbd in Frameworks */ = {isa = PBXBuildFile; fileRef = C9F31E2E1BCCB69200E598E6 /* libsqlite3.tbd */; };
		C9F31E381BCCB6CC00E598E6 /* BaseEGOTableViewPullRefreshViewController.m in Sources */ = {isa = PBXBuildFile; fileRef = C9F31E331BCCB6CC00E598E6 /* BaseEGOTableViewPullRefreshViewController.m */; };
		C9F31E391BCCB6CC00E598E6 /* BaseTableViewController.m in Sources */ = {isa = PBXBuildFile; fileRef = C9F31E351BCCB6CC00E598E6 /* BaseTableViewController.m */; };
		C9F31E3A1BCCB6CC00E598E6 /* BaseViewController.m in Sources */ = {isa = PBXBuildFile; fileRef = C9F31E371BCCB6CC00E598E6 /* BaseViewController.m */; };
		C9F31E3D1BCCD3C500E598E6 /* InfoPlist.strings in Resources */ = {isa = PBXBuildFile; fileRef = C9F31E3F1BCCD3C500E598E6 /* InfoPlist.strings */; };
		C9F31E441BCCD56300E598E6 /* CallViewController.m in Sources */ = {isa = PBXBuildFile; fileRef = C9F31E431BCCD56300E598E6 /* CallViewController.m */; };
		C9F31E481BCCD58100E598E6 /* MainViewController.m in Sources */ = {isa = PBXBuildFile; fileRef = C9F31E471BCCD58100E598E6 /* MainViewController.m */; };
		C9F31E4C1BCCD5D500E598E6 /* RecordViewController.m in Sources */ = {isa = PBXBuildFile; fileRef = C9F31E4B1BCCD5D500E598E6 /* RecordViewController.m */; };
		C9F31E4F1BCCD5EF00E598E6 /* PhotographViewController.m in Sources */ = {isa = PBXBuildFile; fileRef = C9F31E4E1BCCD5EF00E598E6 /* PhotographViewController.m */; };
		C9F31E521BCCD61C00E598E6 /* VideoViewController.m in Sources */ = {isa = PBXBuildFile; fileRef = C9F31E511BCCD61C00E598E6 /* VideoViewController.m */; };
		C9F31E551BCCD63E00E598E6 /* AccidentViewController.m in Sources */ = {isa = PBXBuildFile; fileRef = C9F31E541BCCD63E00E598E6 /* AccidentViewController.m */; };
/* End PBXBuildFile section */

/* Begin PBXContainerItemProxy section */
		C9C9379C1BCC9B6A0055B52D /* PBXContainerItemProxy */ = {
			isa = PBXContainerItemProxy;
			containerPortal = C9C9377A1BCC9B6A0055B52D /* Project object */;
			proxyType = 1;
			remoteGlobalIDString = C9C937811BCC9B6A0055B52D;
			remoteInfo = Car;
		};
		C9C937A71BCC9B6A0055B52D /* PBXContainerItemProxy */ = {
			isa = PBXContainerItemProxy;
			containerPortal = C9C9377A1BCC9B6A0055B52D /* Project object */;
			proxyType = 1;
			remoteGlobalIDString = C9C937811BCC9B6A0055B52D;
			remoteInfo = Car;
		};
/* End PBXContainerItemProxy section */

/* Begin PBXFileReference section */
		C979AE6D1BD640760050A926 /* CallListViewController.h */ = {isa = PBXFileReference; fileEncoding = 4; lastKnownFileType = sourcecode.c.h; path = CallListViewController.h; sourceTree = "<group>"; };
		C979AE6E1BD640760050A926 /* CallListViewController.m */ = {isa = PBXFileReference; fileEncoding = 4; lastKnownFileType = sourcecode.c.objc; path = CallListViewController.m; sourceTree = "<group>"; };
		C979AE701BD6408A0050A926 /* PhotographListViewController.h */ = {isa = PBXFileReference; fileEncoding = 4; lastKnownFileType = sourcecode.c.h; path = PhotographListViewController.h; sourceTree = "<group>"; };
		C979AE711BD6408A0050A926 /* PhotographListViewController.m */ = {isa = PBXFileReference; fileEncoding = 4; lastKnownFileType = sourcecode.c.objc; path = PhotographListViewController.m; sourceTree = "<group>"; };
		C979AE731BD640940050A926 /* RecordListViewController.h */ = {isa = PBXFileReference; fileEncoding = 4; lastKnownFileType = sourcecode.c.h; path = RecordListViewController.h; sourceTree = "<group>"; };
		C979AE741BD640940050A926 /* RecordListViewController.m */ = {isa = PBXFileReference; fileEncoding = 4; lastKnownFileType = sourcecode.c.objc; path = RecordListViewController.m; sourceTree = "<group>"; };
		C979AE761BD641260050A926 /* VideoListViewController.h */ = {isa = PBXFileReference; fileEncoding = 4; lastKnownFileType = sourcecode.c.h; path = VideoListViewController.h; sourceTree = "<group>"; };
		C979AE771BD641260050A926 /* VideoListViewController.m */ = {isa = PBXFileReference; fileEncoding = 4; lastKnownFileType = sourcecode.c.objc; path = VideoListViewController.m; sourceTree = "<group>"; };
		C988B5A21BDF0B6100A5F2E4 /* VideoCell.h */ = {isa = PBXFileReference; fileEncoding = 4; lastKnownFileType = sourcecode.c.h; path = VideoCell.h; sourceTree = "<group>"; };
		C988B5A31BDF0B6100A5F2E4 /* VideoCell.m */ = {isa = PBXFileReference; fileEncoding = 4; lastKnownFileType = sourcecode.c.objc; path = VideoCell.m; sourceTree = "<group>"; };
		C988B5A51BDF0B7900A5F2E4 /* RecordCell.h */ = {isa = PBXFileReference; fileEncoding = 4; lastKnownFileType = sourcecode.c.h; path = RecordCell.h; sourceTree = "<group>"; };
		C988B5A61BDF0B7900A5F2E4 /* RecordCell.m */ = {isa = PBXFileReference; fileEncoding = 4; lastKnownFileType = sourcecode.c.objc; path = RecordCell.m; sourceTree = "<group>"; };
		C98A8C9C1BCDEA5D0096C69B /* BaseItem.h */ = {isa = PBXFileReference; fileEncoding = 4; lastKnownFileType = sourcecode.c.h; path = BaseItem.h; sourceTree = "<group>"; };
		C98A8C9D1BCDEA5D0096C69B /* BaseItem.m */ = {isa = PBXFileReference; fileEncoding = 4; lastKnownFileType = sourcecode.c.objc; path = BaseItem.m; sourceTree = "<group>"; };
		C98A8C9F1BCDEA740096C69B /* VideoItem.h */ = {isa = PBXFileReference; fileEncoding = 4; lastKnownFileType = sourcecode.c.h; path = VideoItem.h; sourceTree = "<group>"; };
		C98A8CA01BCDEA740096C69B /* VideoItem.m */ = {isa = PBXFileReference; fileEncoding = 4; lastKnownFileType = sourcecode.c.objc; path = VideoItem.m; sourceTree = "<group>"; };
		C98A8CA21BCDEA870096C69B /* RecordItem.h */ = {isa = PBXFileReference; fileEncoding = 4; lastKnownFileType = sourcecode.c.h; path = RecordItem.h; sourceTree = "<group>"; };
		C98A8CA31BCDEA870096C69B /* RecordItem.m */ = {isa = PBXFileReference; fileEncoding = 4; lastKnownFileType = sourcecode.c.objc; path = RecordItem.m; sourceTree = "<group>"; };
		C98A8CA51BCDEAA50096C69B /* PhotographItem.h */ = {isa = PBXFileReference; fileEncoding = 4; lastKnownFileType = sourcecode.c.h; path = PhotographItem.h; sourceTree = "<group>"; };
		C98A8CA61BCDEAA50096C69B /* PhotographItem.m */ = {isa = PBXFileReference; fileEncoding = 4; lastKnownFileType = sourcecode.c.objc; path = PhotographItem.m; sourceTree = "<group>"; };
		C98A8CA91BCDEEA10096C69B /* CameraUtility.h */ = {isa = PBXFileReference; fileEncoding = 4; lastKnownFileType = sourcecode.c.h; path = CameraUtility.h; sourceTree = "<group>"; };
		C98A8CAA1BCDEEA10096C69B /* CameraUtility.m */ = {isa = PBXFileReference; fileEncoding = 4; lastKnownFileType = sourcecode.c.objc; path = CameraUtility.m; sourceTree = "<group>"; };
		C98A8CAB1BCDEEA10096C69B /* UIImage+Utils.h */ = {isa = PBXFileReference; fileEncoding = 4; lastKnownFileType = sourcecode.c.h; path = "UIImage+Utils.h"; sourceTree = "<group>"; };
		C98A8CAC1BCDEEA10096C69B /* UIImage+Utils.m */ = {isa = PBXFileReference; fileEncoding = 4; lastKnownFileType = sourcecode.c.objc; path = "UIImage+Utils.m"; sourceTree = "<group>"; };
		C98A8CAE1BCDEEA10096C69B /* VPImageCropperViewController.h */ = {isa = PBXFileReference; fileEncoding = 4; lastKnownFileType = sourcecode.c.h; path = VPImageCropperViewController.h; sourceTree = "<group>"; };
		C98A8CAF1BCDEEA10096C69B /* VPImageCropperViewController.m */ = {isa = PBXFileReference; fileEncoding = 4; lastKnownFileType = sourcecode.c.objc; path = VPImageCropperViewController.m; sourceTree = "<group>"; };
		C98A8CB31BCE51B70096C69B /* UploadViewController.h */ = {isa = PBXFileReference; fileEncoding = 4; lastKnownFileType = sourcecode.c.h; path = UploadViewController.h; sourceTree = "<group>"; };
		C98A8CB41BCE51B70096C69B /* UploadViewController.m */ = {isa = PBXFileReference; fileEncoding = 4; lastKnownFileType = sourcecode.c.objc; path = UploadViewController.m; sourceTree = "<group>"; };
		C98A8CB71BCE53A10096C69B /* XLButton.h */ = {isa = PBXFileReference; fileEncoding = 4; lastKnownFileType = sourcecode.c.h; path = XLButton.h; sourceTree = "<group>"; };
		C98A8CB81BCE53A10096C69B /* XLButton.m */ = {isa = PBXFileReference; fileEncoding = 4; lastKnownFileType = sourcecode.c.objc; path = XLButton.m; sourceTree = "<group>"; };
		C98A8CB91BCE53A10096C69B /* XLLabel.h */ = {isa = PBXFileReference; fileEncoding = 4; lastKnownFileType = sourcecode.c.h; path = XLLabel.h; sourceTree = "<group>"; };
		C98A8CBA1BCE53A10096C69B /* XLLabel.m */ = {isa = PBXFileReference; fileEncoding = 4; lastKnownFileType = sourcecode.c.objc; path = XLLabel.m; sourceTree = "<group>"; };
		C98A8CBD1BCE53D40096C69B /* UIColor+Utils.h */ = {isa = PBXFileReference; fileEncoding = 4; lastKnownFileType = sourcecode.c.h; path = "UIColor+Utils.h"; sourceTree = "<group>"; };
		C98A8CBE1BCE53D40096C69B /* UIColor+Utils.m */ = {isa = PBXFileReference; fileEncoding = 4; lastKnownFileType = sourcecode.c.objc; path = "UIColor+Utils.m"; sourceTree = "<group>"; };
		C9C937821BCC9B6A0055B52D /* Car.app */ = {isa = PBXFileReference; explicitFileType = wrapper.application; includeInIndex = 0; path = Car.app; sourceTree = BUILT_PRODUCTS_DIR; };
		C9C937861BCC9B6A0055B52D /* main.m */ = {isa = PBXFileReference; lastKnownFileType = sourcecode.c.objc; path = main.m; sourceTree = "<group>"; };
		C9C937881BCC9B6A0055B52D /* AppDelegate.h */ = {isa = PBXFileReference; lastKnownFileType = sourcecode.c.h; path = AppDelegate.h; sourceTree = "<group>"; };
		C9C937891BCC9B6A0055B52D /* AppDelegate.m */ = {isa = PBXFileReference; lastKnownFileType = sourcecode.c.objc; path = AppDelegate.m; sourceTree = "<group>"; };
		C9C937911BCC9B6A0055B52D /* Assets.xcassets */ = {isa = PBXFileReference; lastKnownFileType = folder.assetcatalog; path = Assets.xcassets; sourceTree = "<group>"; };
		C9C937961BCC9B6A0055B52D /* Info.plist */ = {isa = PBXFileReference; lastKnownFileType = text.plist.xml; path = Info.plist; sourceTree = "<group>"; };
		C9C9379B1BCC9B6A0055B52D /* CarTests.xctest */ = {isa = PBXFileReference; explicitFileType = wrapper.cfbundle; includeInIndex = 0; path = CarTests.xctest; sourceTree = BUILT_PRODUCTS_DIR; };
		C9C9379F1BCC9B6A0055B52D /* CarTests.m */ = {isa = PBXFileReference; lastKnownFileType = sourcecode.c.objc; path = CarTests.m; sourceTree = "<group>"; };
		C9C937A11BCC9B6A0055B52D /* Info.plist */ = {isa = PBXFileReference; lastKnownFileType = text.plist.xml; path = Info.plist; sourceTree = "<group>"; };
		C9C937A61BCC9B6A0055B52D /* CarUITests.xctest */ = {isa = PBXFileReference; explicitFileType = wrapper.cfbundle; includeInIndex = 0; path = CarUITests.xctest; sourceTree = BUILT_PRODUCTS_DIR; };
		C9C937AA1BCC9B6A0055B52D /* CarUITests.m */ = {isa = PBXFileReference; lastKnownFileType = sourcecode.c.objc; path = CarUITests.m; sourceTree = "<group>"; };
		C9C937AC1BCC9B6A0055B52D /* Info.plist */ = {isa = PBXFileReference; lastKnownFileType = text.plist.xml; path = Info.plist; sourceTree = "<group>"; };
		C9C937BB1BCC9D590055B52D /* GlobalDefine.h */ = {isa = PBXFileReference; lastKnownFileType = sourcecode.c.h; path = GlobalDefine.h; sourceTree = "<group>"; };
		C9C937BC1BCC9E5B0055B52D /* Car.pch */ = {isa = PBXFileReference; fileEncoding = 4; lastKnownFileType = sourcecode.c.h; path = Car.pch; sourceTree = "<group>"; };
		C9C937BE1BCCA0880055B52D /* EAIntroPage.h */ = {isa = PBXFileReference; fileEncoding = 4; lastKnownFileType = sourcecode.c.h; path = EAIntroPage.h; sourceTree = "<group>"; };
		C9C937BF1BCCA0880055B52D /* EAIntroPage.m */ = {isa = PBXFileReference; fileEncoding = 4; lastKnownFileType = sourcecode.c.objc; path = EAIntroPage.m; sourceTree = "<group>"; };
		C9C937C01BCCA0880055B52D /* EAIntroView.h */ = {isa = PBXFileReference; fileEncoding = 4; lastKnownFileType = sourcecode.c.h; path = EAIntroView.h; sourceTree = "<group>"; };
		C9C937C11BCCA0880055B52D /* EAIntroView.m */ = {isa = PBXFileReference; fileEncoding = 4; lastKnownFileType = sourcecode.c.objc; path = EAIntroView.m; sourceTree = "<group>"; };
		C9CBCB5D1BD76D7B005A5CF1 /* ACContactCell.h */ = {isa = PBXFileReference; fileEncoding = 4; lastKnownFileType = sourcecode.c.h; path = ACContactCell.h; sourceTree = "<group>"; };
		C9CBCB5E1BD76D7B005A5CF1 /* ACContactCell.m */ = {isa = PBXFileReference; fileEncoding = 4; lastKnownFileType = sourcecode.c.objc; path = ACContactCell.m; sourceTree = "<group>"; };
		C9CBCB5F1BD76D7B005A5CF1 /* ACContactSingleCell.h */ = {isa = PBXFileReference; fileEncoding = 4; lastKnownFileType = sourcecode.c.h; path = ACContactSingleCell.h; sourceTree = "<group>"; };
		C9CBCB601BD76D7B005A5CF1 /* ACContactSingleCell.m */ = {isa = PBXFileReference; fileEncoding = 4; lastKnownFileType = sourcecode.c.objc; path = ACContactSingleCell.m; sourceTree = "<group>"; };
		C9CBCB641BD76D8B005A5CF1 /* ChineseToPinyin.h */ = {isa = PBXFileReference; fileEncoding = 4; lastKnownFileType = sourcecode.c.h; path = ChineseToPinyin.h; sourceTree = "<group>"; };
		C9CBCB651BD76D8B005A5CF1 /* ChineseToPinyin.m */ = {isa = PBXFileReference; fileEncoding = 4; lastKnownFileType = sourcecode.c.objc; path = ChineseToPinyin.m; sourceTree = "<group>"; };
		C9CBCB661BD76D8B005A5CF1 /* LongPressButton.h */ = {isa = PBXFileReference; fileEncoding = 4; lastKnownFileType = sourcecode.c.h; path = LongPressButton.h; sourceTree = "<group>"; };
		C9CBCB671BD76D8B005A5CF1 /* LongPressButton.m */ = {isa = PBXFileReference; fileEncoding = 4; lastKnownFileType = sourcecode.c.objc; path = LongPressButton.m; sourceTree = "<group>"; };
		C9CBCB6A1BD76DB3005A5CF1 /* AttributedLabel.h */ = {isa = PBXFileReference; fileEncoding = 4; lastKnownFileType = sourcecode.c.h; path = AttributedLabel.h; sourceTree = "<group>"; };
		C9CBCB6B1BD76DB3005A5CF1 /* AttributedLabel.m */ = {isa = PBXFileReference; fileEncoding = 4; lastKnownFileType = sourcecode.c.objc; path = AttributedLabel.m; sourceTree = "<group>"; };
		C9CBCB6D1BD76E67005A5CF1 /* AddressBook.framework */ = {isa = PBXFileReference; lastKnownFileType = wrapper.framework; name = AddressBook.framework; path = System/Library/Frameworks/AddressBook.framework; sourceTree = SDKROOT; };
		C9CBCB6F1BD76E71005A5CF1 /* AddressBookUI.framework */ = {isa = PBXFileReference; lastKnownFileType = wrapper.framework; name = AddressBookUI.framework; path = System/Library/Frameworks/AddressBookUI.framework; sourceTree = SDKROOT; };
		C9CF7AC81BCF806100DBBCDA /* SettingViewController.h */ = {isa = PBXFileReference; fileEncoding = 4; lastKnownFileType = sourcecode.c.h; path = SettingViewController.h; sourceTree = "<group>"; };
		C9CF7AC91BCF806100DBBCDA /* SettingViewController.m */ = {isa = PBXFileReference; fileEncoding = 4; lastKnownFileType = sourcecode.c.objc; path = SettingViewController.m; sourceTree = "<group>"; };
		C9CF7ACB1BCF837200DBBCDA /* ModifyPwdViewController.h */ = {isa = PBXFileReference; fileEncoding = 4; lastKnownFileType = sourcecode.c.h; path = ModifyPwdViewController.h; sourceTree = "<group>"; };
		C9CF7ACC1BCF837200DBBCDA /* ModifyPwdViewController.m */ = {isa = PBXFileReference; fileEncoding = 4; lastKnownFileType = sourcecode.c.objc; path = ModifyPwdViewController.m; sourceTree = "<group>"; };
		C9CF7ACF1BCF838600DBBCDA /* AboutViewController.h */ = {isa = PBXFileReference; fileEncoding = 4; lastKnownFileType = sourcecode.c.h; path = AboutViewController.h; sourceTree = "<group>"; };
		C9CF7AD01BCF838600DBBCDA /* AboutViewController.m */ = {isa = PBXFileReference; fileEncoding = 4; lastKnownFileType = sourcecode.c.objc; path = AboutViewController.m; sourceTree = "<group>"; };
		C9CF7AD21BCF839000DBBCDA /* FeedbackViewController.h */ = {isa = PBXFileReference; fileEncoding = 4; lastKnownFileType = sourcecode.c.h; path = FeedbackViewController.h; sourceTree = "<group>"; };
		C9CF7AD31BCF839000DBBCDA /* FeedbackViewController.m */ = {isa = PBXFileReference; fileEncoding = 4; lastKnownFileType = sourcecode.c.objc; path = FeedbackViewController.m; sourceTree = "<group>"; };
		C9CF7AD51BCF839A00DBBCDA /* UploadSettingViewController.h */ = {isa = PBXFileReference; fileEncoding = 4; lastKnownFileType = sourcecode.c.h; path = UploadSettingViewController.h; sourceTree = "<group>"; };
		C9CF7AD61BCF839A00DBBCDA /* UploadSettingViewController.m */ = {isa = PBXFileReference; fileEncoding = 4; lastKnownFileType = sourcecode.c.objc; path = UploadSettingViewController.m; sourceTree = "<group>"; };
		C9CF7AD81BCF83A700DBBCDA /* NotificationSettingViewController.h */ = {isa = PBXFileReference; fileEncoding = 4; lastKnownFileType = sourcecode.c.h; path = NotificationSettingViewController.h; sourceTree = "<group>"; };
		C9CF7AD91BCF83A700DBBCDA /* NotificationSettingViewController.m */ = {isa = PBXFileReference; fileEncoding = 4; lastKnownFileType = sourcecode.c.objc; path = NotificationSettingViewController.m; sourceTree = "<group>"; };
		C9CF7ADC1BCF90BF00DBBCDA /* BidViewController.h */ = {isa = PBXFileReference; fileEncoding = 4; lastKnownFileType = sourcecode.c.h; path = BidViewController.h; sourceTree = "<group>"; };
		C9CF7ADD1BCF90BF00DBBCDA /* BidViewController.m */ = {isa = PBXFileReference; fileEncoding = 4; lastKnownFileType = sourcecode.c.objc; path = BidViewController.m; sourceTree = "<group>"; };
		C9F31DC61BCCA5D200E598E6 /* Common.h */ = {isa = PBXFileReference; fileEncoding = 4; lastKnownFileType = sourcecode.c.h; path = Common.h; sourceTree = "<group>"; };
		C9F31DC71BCCA5D200E598E6 /* Common.m */ = {isa = PBXFileReference; fileEncoding = 4; lastKnownFileType = sourcecode.c.objc; path = Common.m; sourceTree = "<group>"; };
		C9F31DC91BCCA76800E598E6 /* HttpDownload.h */ = {isa = PBXFileReference; fileEncoding = 4; lastKnownFileType = sourcecode.c.h; path = HttpDownload.h; sourceTree = "<group>"; };
		C9F31DCA1BCCA76800E598E6 /* HttpDownload.m */ = {isa = PBXFileReference; fileEncoding = 4; lastKnownFileType = sourcecode.c.objc; path = HttpDownload.m; sourceTree = "<group>"; };
		C9F31DD11BCCA76800E598E6 /* ResultDelegate.h */ = {isa = PBXFileReference; fileEncoding = 4; lastKnownFileType = sourcecode.c.h; path = ResultDelegate.h; sourceTree = "<group>"; };
		C9F31DDE1BCCA9B400E598E6 /* EGORefreshTableHeaderView.h */ = {isa = PBXFileReference; fileEncoding = 4; lastKnownFileType = sourcecode.c.h; path = EGORefreshTableHeaderView.h; sourceTree = "<group>"; };
		C9F31DDF1BCCA9B400E598E6 /* EGORefreshTableHeaderView.m */ = {isa = PBXFileReference; fileEncoding = 4; lastKnownFileType = sourcecode.c.objc; path = EGORefreshTableHeaderView.m; sourceTree = "<group>"; };
		C9F31DE01BCCA9B400E598E6 /* LoadMoreTableFooterView.h */ = {isa = PBXFileReference; fileEncoding = 4; lastKnownFileType = sourcecode.c.h; path = LoadMoreTableFooterView.h; sourceTree = "<group>"; };
		C9F31DE11BCCA9B400E598E6 /* LoadMoreTableFooterView.m */ = {isa = PBXFileReference; fileEncoding = 4; lastKnownFileType = sourcecode.c.objc; path = LoadMoreTableFooterView.m; sourceTree = "<group>"; };
		C9F31DE21BCCA9B400E598E6 /* MessageInterceptor.h */ = {isa = PBXFileReference; fileEncoding = 4; lastKnownFileType = sourcecode.c.h; path = MessageInterceptor.h; sourceTree = "<group>"; };
		C9F31DE31BCCA9B400E598E6 /* MessageInterceptor.m */ = {isa = PBXFileReference; fileEncoding = 4; lastKnownFileType = sourcecode.c.objc; path = MessageInterceptor.m; sourceTree = "<group>"; };
		C9F31DE41BCCA9B400E598E6 /* PullTableView.h */ = {isa = PBXFileReference; fileEncoding = 4; lastKnownFileType = sourcecode.c.h; path = PullTableView.h; sourceTree = "<group>"; };
		C9F31DE51BCCA9B400E598E6 /* PullTableView.m */ = {isa = PBXFileReference; fileEncoding = 4; lastKnownFileType = sourcecode.c.objc; path = PullTableView.m; sourceTree = "<group>"; };
		C9F31DE71BCCA9B400E598E6 /* blackArrow.png */ = {isa = PBXFileReference; lastKnownFileType = image.png; path = blackArrow.png; sourceTree = "<group>"; };
		C9F31DE81BCCA9B400E598E6 /* blackArrow@2x.png */ = {isa = PBXFileReference; lastKnownFileType = image.png; path = "blackArrow@2x.png"; sourceTree = "<group>"; };
		C9F31DE91BCCA9B400E598E6 /* blueArrow.png */ = {isa = PBXFileReference; lastKnownFileType = image.png; path = blueArrow.png; sourceTree = "<group>"; };
		C9F31DEA1BCCA9B400E598E6 /* blueArrow@2x.png */ = {isa = PBXFileReference; lastKnownFileType = image.png; path = "blueArrow@2x.png"; sourceTree = "<group>"; };
		C9F31DEB1BCCA9B400E598E6 /* grayArrow.png */ = {isa = PBXFileReference; lastKnownFileType = image.png; path = grayArrow.png; sourceTree = "<group>"; };
		C9F31DEC1BCCA9B400E598E6 /* grayArrow@2x.png */ = {isa = PBXFileReference; lastKnownFileType = image.png; path = "grayArrow@2x.png"; sourceTree = "<group>"; };
		C9F31DED1BCCA9B400E598E6 /* whiteArrow.png */ = {isa = PBXFileReference; lastKnownFileType = image.png; path = whiteArrow.png; sourceTree = "<group>"; };
		C9F31DEE1BCCA9B400E598E6 /* whiteArrow@2x.png */ = {isa = PBXFileReference; lastKnownFileType = image.png; path = "whiteArrow@2x.png"; sourceTree = "<group>"; };
		C9F31DFB1BCCAB3600E598E6 /* HttpRequest.h */ = {isa = PBXFileReference; fileEncoding = 4; lastKnownFileType = sourcecode.c.h; path = HttpRequest.h; sourceTree = "<group>"; };
		C9F31DFC1BCCAB3600E598E6 /* HttpRequest.m */ = {isa = PBXFileReference; fileEncoding = 4; lastKnownFileType = sourcecode.c.objc; path = HttpRequest.m; sourceTree = "<group>"; };
		C9F31DFD1BCCAB3600E598E6 /* Response.h */ = {isa = PBXFileReference; fileEncoding = 4; lastKnownFileType = sourcecode.c.h; path = Response.h; sourceTree = "<group>"; };
		C9F31DFE1BCCAB3600E598E6 /* Response.m */ = {isa = PBXFileReference; fileEncoding = 4; lastKnownFileType = sourcecode.c.objc; path = Response.m; sourceTree = "<group>"; };
		C9F31E021BCCAB8E00E598E6 /* Reachability.h */ = {isa = PBXFileReference; fileEncoding = 4; lastKnownFileType = sourcecode.c.h; path = Reachability.h; sourceTree = "<group>"; };
		C9F31E031BCCAB8E00E598E6 /* Reachability.m */ = {isa = PBXFileReference; fileEncoding = 4; lastKnownFileType = sourcecode.c.objc; path = Reachability.m; sourceTree = "<group>"; };
		C9F31E121BCCB3E300E598E6 /* AppDelegate+Utils.h */ = {isa = PBXFileReference; fileEncoding = 4; lastKnownFileType = sourcecode.c.h; path = "AppDelegate+Utils.h"; sourceTree = "<group>"; };
		C9F31E131BCCB3E300E598E6 /* AppDelegate+Utils.m */ = {isa = PBXFileReference; fileEncoding = 4; lastKnownFileType = sourcecode.c.objc; path = "AppDelegate+Utils.m"; sourceTree = "<group>"; };
		C9F31E141BCCB3E300E598E6 /* NSString+Utils.h */ = {isa = PBXFileReference; fileEncoding = 4; lastKnownFileType = sourcecode.c.h; path = "NSString+Utils.h"; sourceTree = "<group>"; };
		C9F31E151BCCB3E300E598E6 /* NSString+Utils.m */ = {isa = PBXFileReference; fileEncoding = 4; lastKnownFileType = sourcecode.c.objc; path = "NSString+Utils.m"; sourceTree = "<group>"; };
		C9F31E161BCCB3E300E598E6 /* UIButton+Utils.h */ = {isa = PBXFileReference; fileEncoding = 4; lastKnownFileType = sourcecode.c.h; path = "UIButton+Utils.h"; sourceTree = "<group>"; };
		C9F31E171BCCB3E300E598E6 /* UIButton+Utils.m */ = {isa = PBXFileReference; fileEncoding = 4; lastKnownFileType = sourcecode.c.objc; path = "UIButton+Utils.m"; sourceTree = "<group>"; };
		C9F31E1B1BCCB4B500E598E6 /* LoginViewController.h */ = {isa = PBXFileReference; fileEncoding = 4; lastKnownFileType = sourcecode.c.h; path = LoginViewController.h; sourceTree = "<group>"; };
		C9F31E1C1BCCB4B500E598E6 /* LoginViewController.m */ = {isa = PBXFileReference; fileEncoding = 4; lastKnownFileType = sourcecode.c.objc; path = LoginViewController.m; sourceTree = "<group>"; };
		C9F31E1F1BCCB4C100E598E6 /* RegisterViewController.h */ = {isa = PBXFileReference; fileEncoding = 4; lastKnownFileType = sourcecode.c.h; path = RegisterViewController.h; sourceTree = "<group>"; };
		C9F31E201BCCB4C100E598E6 /* RegisterViewController.m */ = {isa = PBXFileReference; fileEncoding = 4; lastKnownFileType = sourcecode.c.objc; path = RegisterViewController.m; sourceTree = "<group>"; };
		C9F31E221BCCB4CC00E598E6 /* UserCenterViewController.h */ = {isa = PBXFileReference; fileEncoding = 4; lastKnownFileType = sourcecode.c.h; path = UserCenterViewController.h; sourceTree = "<group>"; };
		C9F31E231BCCB4CC00E598E6 /* UserCenterViewController.m */ = {isa = PBXFileReference; fileEncoding = 4; lastKnownFileType = sourcecode.c.objc; path = UserCenterViewController.m; sourceTree = "<group>"; };
		C9F31E251BCCB59A00E598E6 /* SQLiteOperate.h */ = {isa = PBXFileReference; fileEncoding = 4; lastKnownFileType = sourcecode.c.h; path = SQLiteOperate.h; sourceTree = "<group>"; };
		C9F31E261BCCB59A00E598E6 /* SQLiteOperate.m */ = {isa = PBXFileReference; fileEncoding = 4; lastKnownFileType = sourcecode.c.objc; path = SQLiteOperate.m; sourceTree = "<group>"; };
		C9F31E2E1BCCB69200E598E6 /* libsqlite3.tbd */ = {isa = PBXFileReference; lastKnownFileType = "sourcecode.text-based-dylib-definition"; name = libsqlite3.tbd; path = usr/lib/libsqlite3.tbd; sourceTree = SDKROOT; };
		C9F31E321BCCB6CC00E598E6 /* BaseEGOTableViewPullRefreshViewController.h */ = {isa = PBXFileReference; fileEncoding = 4; lastKnownFileType = sourcecode.c.h; path = BaseEGOTableViewPullRefreshViewController.h; sourceTree = "<group>"; };
		C9F31E331BCCB6CC00E598E6 /* BaseEGOTableViewPullRefreshViewController.m */ = {isa = PBXFileReference; fileEncoding = 4; lastKnownFileType = sourcecode.c.objc; path = BaseEGOTableViewPullRefreshViewController.m; sourceTree = "<group>"; };
		C9F31E341BCCB6CC00E598E6 /* BaseTableViewController.h */ = {isa = PBXFileReference; fileEncoding = 4; lastKnownFileType = sourcecode.c.h; path = BaseTableViewController.h; sourceTree = "<group>"; };
		C9F31E351BCCB6CC00E598E6 /* BaseTableViewController.m */ = {isa = PBXFileReference; fileEncoding = 4; lastKnownFileType = sourcecode.c.objc; path = BaseTableViewController.m; sourceTree = "<group>"; };
		C9F31E361BCCB6CC00E598E6 /* BaseViewController.h */ = {isa = PBXFileReference; fileEncoding = 4; lastKnownFileType = sourcecode.c.h; path = BaseViewController.h; sourceTree = "<group>"; };
		C9F31E371BCCB6CC00E598E6 /* BaseViewController.m */ = {isa = PBXFileReference; fileEncoding = 4; lastKnownFileType = sourcecode.c.objc; path = BaseViewController.m; sourceTree = "<group>"; };
		C9F31E3E1BCCD3C500E598E6 /* en */ = {isa = PBXFileReference; lastKnownFileType = text.plist.strings; name = en; path = en.lproj/InfoPlist.strings; sourceTree = "<group>"; };
		C9F31E411BCCD3D500E598E6 /* zh-Hans */ = {isa = PBXFileReference; lastKnownFileType = text.plist.strings; name = "zh-Hans"; path = "zh-Hans.lproj/InfoPlist.strings"; sourceTree = "<group>"; };
		C9F31E421BCCD56300E598E6 /* CallViewController.h */ = {isa = PBXFileReference; fileEncoding = 4; lastKnownFileType = sourcecode.c.h; path = CallViewController.h; sourceTree = "<group>"; };
		C9F31E431BCCD56300E598E6 /* CallViewController.m */ = {isa = PBXFileReference; fileEncoding = 4; lastKnownFileType = sourcecode.c.objc; path = CallViewController.m; sourceTree = "<group>"; };
		C9F31E461BCCD58100E598E6 /* MainViewController.h */ = {isa = PBXFileReference; fileEncoding = 4; lastKnownFileType = sourcecode.c.h; path = MainViewController.h; sourceTree = "<group>"; };
		C9F31E471BCCD58100E598E6 /* MainViewController.m */ = {isa = PBXFileReference; fileEncoding = 4; lastKnownFileType = sourcecode.c.objc; path = MainViewController.m; sourceTree = "<group>"; };
		C9F31E4A1BCCD5D500E598E6 /* RecordViewController.h */ = {isa = PBXFileReference; fileEncoding = 4; lastKnownFileType = sourcecode.c.h; path = RecordViewController.h; sourceTree = "<group>"; };
		C9F31E4B1BCCD5D500E598E6 /* RecordViewController.m */ = {isa = PBXFileReference; fileEncoding = 4; lastKnownFileType = sourcecode.c.objc; path = RecordViewController.m; sourceTree = "<group>"; };
		C9F31E4D1BCCD5EF00E598E6 /* PhotographViewController.h */ = {isa = PBXFileReference; fileEncoding = 4; lastKnownFileType = sourcecode.c.h; path = PhotographViewController.h; sourceTree = "<group>"; };
		C9F31E4E1BCCD5EF00E598E6 /* PhotographViewController.m */ = {isa = PBXFileReference; fileEncoding = 4; lastKnownFileType = sourcecode.c.objc; path = PhotographViewController.m; sourceTree = "<group>"; };
		C9F31E501BCCD61C00E598E6 /* VideoViewController.h */ = {isa = PBXFileReference; fileEncoding = 4; lastKnownFileType = sourcecode.c.h; path = VideoViewController.h; sourceTree = "<group>"; };
		C9F31E511BCCD61C00E598E6 /* VideoViewController.m */ = {isa = PBXFileReference; fileEncoding = 4; lastKnownFileType = sourcecode.c.objc; path = VideoViewController.m; sourceTree = "<group>"; };
		C9F31E531BCCD63E00E598E6 /* AccidentViewController.h */ = {isa = PBXFileReference; fileEncoding = 4; lastKnownFileType = sourcecode.c.h; path = AccidentViewController.h; sourceTree = "<group>"; };
		C9F31E541BCCD63E00E598E6 /* AccidentViewController.m */ = {isa = PBXFileReference; fileEncoding = 4; lastKnownFileType = sourcecode.c.objc; path = AccidentViewController.m; sourceTree = "<group>"; };
/* End PBXFileReference section */

/* Begin PBXFrameworksBuildPhase section */
		C9C9377F1BCC9B6A0055B52D /* Frameworks */ = {
			isa = PBXFrameworksBuildPhase;
			buildActionMask = 2147483647;
			files = (
				C9CBCB701BD76E71005A5CF1 /* AddressBookUI.framework in Frameworks */,
				C9CBCB6E1BD76E67005A5CF1 /* AddressBook.framework in Frameworks */,
				C9F31E2F1BCCB69200E598E6 /* libsqlite3.tbd in Frameworks */,
			);
			runOnlyForDeploymentPostprocessing = 0;
		};
		C9C937981BCC9B6A0055B52D /* Frameworks */ = {
			isa = PBXFrameworksBuildPhase;
			buildActionMask = 2147483647;
			files = (
			);
			runOnlyForDeploymentPostprocessing = 0;
		};
		C9C937A31BCC9B6A0055B52D /* Frameworks */ = {
			isa = PBXFrameworksBuildPhase;
			buildActionMask = 2147483647;
			files = (
			);
			runOnlyForDeploymentPostprocessing = 0;
		};
/* End PBXFrameworksBuildPhase section */

/* Begin PBXGroup section */
		C98A8CA81BCDEEA10096C69B /* ImageUtils */ = {
			isa = PBXGroup;
			children = (
				C98A8CA91BCDEEA10096C69B /* CameraUtility.h */,
				C98A8CAA1BCDEEA10096C69B /* CameraUtility.m */,
				C98A8CAB1BCDEEA10096C69B /* UIImage+Utils.h */,
				C98A8CAC1BCDEEA10096C69B /* UIImage+Utils.m */,
				C98A8CAD1BCDEEA10096C69B /* VPImageCropper */,
			);
			path = ImageUtils;
			sourceTree = "<group>";
		};
		C98A8CAD1BCDEEA10096C69B /* VPImageCropper */ = {
			isa = PBXGroup;
			children = (
				C98A8CAE1BCDEEA10096C69B /* VPImageCropperViewController.h */,
				C98A8CAF1BCDEEA10096C69B /* VPImageCropperViewController.m */,
			);
			path = VPImageCropper;
			sourceTree = "<group>";
		};
		C98A8CB61BCE53540096C69B /* UI */ = {
			isa = PBXGroup;
			children = (
				C98A8CB71BCE53A10096C69B /* XLButton.h */,
				C98A8CB81BCE53A10096C69B /* XLButton.m */,
				C98A8CB91BCE53A10096C69B /* XLLabel.h */,
				C98A8CBA1BCE53A10096C69B /* XLLabel.m */,
			);
			name = UI;
			sourceTree = "<group>";
		};
		C9C937791BCC9B6A0055B52D = {
			isa = PBXGroup;
			children = (
				C9C937841BCC9B6A0055B52D /* Car */,
				C9C9379E1BCC9B6A0055B52D /* CarTests */,
				C9C937A91BCC9B6A0055B52D /* CarUITests */,
				C9F31E301BCCB69C00E598E6 /* Framework */,
				C9C937831BCC9B6A0055B52D /* Products */,
			);
			sourceTree = "<group>";
		};
		C9C937831BCC9B6A0055B52D /* Products */ = {
			isa = PBXGroup;
			children = (
				C9C937821BCC9B6A0055B52D /* Car.app */,
				C9C9379B1BCC9B6A0055B52D /* CarTests.xctest */,
				C9C937A61BCC9B6A0055B52D /* CarUITests.xctest */,
			);
			name = Products;
			sourceTree = "<group>";
		};
		C9C937841BCC9B6A0055B52D /* Car */ = {
			isa = PBXGroup;
			children = (
				C9C937B81BCC9C2F0055B52D /* API */,
				C9C937B91BCC9C2F0055B52D /* APP */,
				C9C937BA1BCC9C2F0055B52D /* SDK */,
				C9C937881BCC9B6A0055B52D /* AppDelegate.h */,
				C9C937891BCC9B6A0055B52D /* AppDelegate.m */,
				C9C937911BCC9B6A0055B52D /* Assets.xcassets */,
				C9C937961BCC9B6A0055B52D /* Info.plist */,
				C9C937851BCC9B6A0055B52D /* Supporting Files */,
			);
			path = Car;
			sourceTree = "<group>";
		};
		C9C937851BCC9B6A0055B52D /* Supporting Files */ = {
			isa = PBXGroup;
			children = (
				C9C937BC1BCC9E5B0055B52D /* Car.pch */,
				C9C937861BCC9B6A0055B52D /* main.m */,
				C9F31E3F1BCCD3C500E598E6 /* InfoPlist.strings */,
			);
			name = "Supporting Files";
			sourceTree = "<group>";
		};
		C9C9379E1BCC9B6A0055B52D /* CarTests */ = {
			isa = PBXGroup;
			children = (
				C9C9379F1BCC9B6A0055B52D /* CarTests.m */,
				C9C937A11BCC9B6A0055B52D /* Info.plist */,
			);
			path = CarTests;
			sourceTree = "<group>";
		};
		C9C937A91BCC9B6A0055B52D /* CarUITests */ = {
			isa = PBXGroup;
			children = (
				C9C937AA1BCC9B6A0055B52D /* CarUITests.m */,
				C9C937AC1BCC9B6A0055B52D /* Info.plist */,
			);
			path = CarUITests;
			sourceTree = "<group>";
		};
		C9C937B81BCC9C2F0055B52D /* API */ = {
			isa = PBXGroup;
			children = (
				C9CBCB6A1BD76DB3005A5CF1 /* AttributedLabel.h */,
				C9CBCB6B1BD76DB3005A5CF1 /* AttributedLabel.m */,
				C9F31E311BCCB6CC00E598E6 /* Base */,
				C9F31E111BCCB3E300E598E6 /* Category */,
				C9CBCB631BD76D8B005A5CF1 /* ChineseToPinyin */,
				C9F31DC61BCCA5D200E598E6 /* Common.h */,
				C9F31DC71BCCA5D200E598E6 /* Common.m */,
				C9C937BB1BCC9D590055B52D /* GlobalDefine.h */,
				C9F31DC91BCCA76800E598E6 /* HttpDownload.h */,
				C9F31DCA1BCCA76800E598E6 /* HttpDownload.m */,
				C9F31DFB1BCCAB3600E598E6 /* HttpRequest.h */,
				C9F31DFC1BCCAB3600E598E6 /* HttpRequest.m */,
				C9CBCB661BD76D8B005A5CF1 /* LongPressButton.h */,
				C9CBCB671BD76D8B005A5CF1 /* LongPressButton.m */,
				C9F31DFD1BCCAB3600E598E6 /* Response.h */,
				C9F31DFE1BCCAB3600E598E6 /* Response.m */,
				C9F31DD11BCCA76800E598E6 /* ResultDelegate.h */,
				C9F31E251BCCB59A00E598E6 /* SQLiteOperate.h */,
				C9F31E261BCCB59A00E598E6 /* SQLiteOperate.m */,
			);
			path = API;
			sourceTree = "<group>";
		};
		C9C937B91BCC9C2F0055B52D /* APP */ = {
			isa = PBXGroup;
			children = (
				C9CBCB5C1BD76D67005A5CF1 /* Cell */,
				C9F31E281BCCB61500E598E6 /* Model */,
				C98A8CB61BCE53540096C69B /* UI */,
				C9F31E0D1BCCB10800E598E6 /* 事故处理 */,
				C9F31E451BCCD56B00E598E6 /* 公共 */,
				C9F31E091BCCB0F000E598E6 /* 去电录音 */,
				C9F31E0C1BCCB10100E598E6 /* 录像 */,
				C9F31E0A1BCCB0F600E598E6 /* 录音笔 */,
				C9F31DC11BCCA0D500E598E6 /* 用户管理 */,
				C9CF7ADB1BCF90AE00DBBCDA /* 申办公证 */,
				C9CF7ACE1BCF837D00DBBCDA /* 设置 */,
				C9F31E0B1BCCB0FB00E598E6 /* 随手拍 */,
			);
			path = APP;
			sourceTree = "<group>";
		};
		C9C937BA1BCC9C2F0055B52D /* SDK */ = {
			isa = PBXGroup;
			children = (
				C98A8CA81BCDEEA10096C69B /* ImageUtils */,
				C9F31E011BCCAB8E00E598E6 /* ASIHTTP */,
				C9F31DDC1BCCA9B400E598E6 /* EGOTableViewPullRefresh */,
				C9C937BD1BCCA0880055B52D /* EAIntroView */,
			);
			path = SDK;
			sourceTree = "<group>";
		};
		C9C937BD1BCCA0880055B52D /* EAIntroView */ = {
			isa = PBXGroup;
			children = (
				C9C937BE1BCCA0880055B52D /* EAIntroPage.h */,
				C9C937BF1BCCA0880055B52D /* EAIntroPage.m */,
				C9C937C01BCCA0880055B52D /* EAIntroView.h */,
				C9C937C11BCCA0880055B52D /* EAIntroView.m */,
			);
			path = EAIntroView;
			sourceTree = "<group>";
		};
		C9CBCB5C1BD76D67005A5CF1 /* Cell */ = {
			isa = PBXGroup;
			children = (
				C9CBCB5D1BD76D7B005A5CF1 /* ACContactCell.h */,
				C9CBCB5E1BD76D7B005A5CF1 /* ACContactCell.m */,
				C9CBCB5F1BD76D7B005A5CF1 /* ACContactSingleCell.h */,
				C9CBCB601BD76D7B005A5CF1 /* ACContactSingleCell.m */,
				C988B5A51BDF0B7900A5F2E4 /* RecordCell.h */,
				C988B5A61BDF0B7900A5F2E4 /* RecordCell.m */,
				C988B5A21BDF0B6100A5F2E4 /* VideoCell.h */,
				C988B5A31BDF0B6100A5F2E4 /* VideoCell.m */,
			);
			name = Cell;
			sourceTree = "<group>";
		};
		C9CBCB631BD76D8B005A5CF1 /* ChineseToPinyin */ = {
			isa = PBXGroup;
			children = (
				C9CBCB641BD76D8B005A5CF1 /* ChineseToPinyin.h */,
				C9CBCB651BD76D8B005A5CF1 /* ChineseToPinyin.m */,
			);
			path = ChineseToPinyin;
			sourceTree = "<group>";
		};
		C9CF7ACE1BCF837D00DBBCDA /* 设置 */ = {
			isa = PBXGroup;
			children = (
				C9CF7ACF1BCF838600DBBCDA /* AboutViewController.h */,
				C9CF7AD01BCF838600DBBCDA /* AboutViewController.m */,
				C9CF7AD21BCF839000DBBCDA /* FeedbackViewController.h */,
				C9CF7AD31BCF839000DBBCDA /* FeedbackViewController.m */,
				C9CF7ACB1BCF837200DBBCDA /* ModifyPwdViewController.h */,
				C9CF7ACC1BCF837200DBBCDA /* ModifyPwdViewController.m */,
				C9CF7AD81BCF83A700DBBCDA /* NotificationSettingViewController.h */,
				C9CF7AD91BCF83A700DBBCDA /* NotificationSettingViewController.m */,
				C9CF7AC81BCF806100DBBCDA /* SettingViewController.h */,
				C9CF7AC91BCF806100DBBCDA /* SettingViewController.m */,
				C9CF7AD51BCF839A00DBBCDA /* UploadSettingViewController.h */,
				C9CF7AD61BCF839A00DBBCDA /* UploadSettingViewController.m */,
			);
			name = "设置";
			sourceTree = "<group>";
		};
		C9CF7ADB1BCF90AE00DBBCDA /* 申办公证 */ = {
			isa = PBXGroup;
			children = (
				C9CF7ADC1BCF90BF00DBBCDA /* BidViewController.h */,
				C9CF7ADD1BCF90BF00DBBCDA /* BidViewController.m */,
			);
			name = "申办公证";
			sourceTree = "<group>";
		};
		C9F31DC11BCCA0D500E598E6 /* 用户管理 */ = {
			isa = PBXGroup;
			children = (
				C9F31E1B1BCCB4B500E598E6 /* LoginViewController.h */,
				C9F31E1C1BCCB4B500E598E6 /* LoginViewController.m */,
				C9F31E1F1BCCB4C100E598E6 /* RegisterViewController.h */,
				C9F31E201BCCB4C100E598E6 /* RegisterViewController.m */,
				C9F31E221BCCB4CC00E598E6 /* UserCenterViewController.h */,
				C9F31E231BCCB4CC00E598E6 /* UserCenterViewController.m */,
			);
			name = "用户管理";
			sourceTree = "<group>";
		};
		C9F31DDC1BCCA9B400E598E6 /* EGOTableViewPullRefresh */ = {
			isa = PBXGroup;
			children = (
				C9F31DDD1BCCA9B400E598E6 /* Classes */,
				C9F31DE61BCCA9B400E598E6 /* Resources */,
			);
			path = EGOTableViewPullRefresh;
			sourceTree = "<group>";
		};
		C9F31DDD1BCCA9B400E598E6 /* Classes */ = {
			isa = PBXGroup;
			children = (
				C9F31DDE1BCCA9B400E598E6 /* EGORefreshTableHeaderView.h */,
				C9F31DDF1BCCA9B400E598E6 /* EGORefreshTableHeaderView.m */,
				C9F31DE01BCCA9B400E598E6 /* LoadMoreTableFooterView.h */,
				C9F31DE11BCCA9B400E598E6 /* LoadMoreTableFooterView.m */,
				C9F31DE21BCCA9B400E598E6 /* MessageInterceptor.h */,
				C9F31DE31BCCA9B400E598E6 /* MessageInterceptor.m */,
				C9F31DE41BCCA9B400E598E6 /* PullTableView.h */,
				C9F31DE51BCCA9B400E598E6 /* PullTableView.m */,
			);
			path = Classes;
			sourceTree = "<group>";
		};
		C9F31DE61BCCA9B400E598E6 /* Resources */ = {
			isa = PBXGroup;
			children = (
				C9F31DE71BCCA9B400E598E6 /* blackArrow.png */,
				C9F31DE81BCCA9B400E598E6 /* blackArrow@2x.png */,
				C9F31DE91BCCA9B400E598E6 /* blueArrow.png */,
				C9F31DEA1BCCA9B400E598E6 /* blueArrow@2x.png */,
				C9F31DEB1BCCA9B400E598E6 /* grayArrow.png */,
				C9F31DEC1BCCA9B400E598E6 /* grayArrow@2x.png */,
				C9F31DED1BCCA9B400E598E6 /* whiteArrow.png */,
				C9F31DEE1BCCA9B400E598E6 /* whiteArrow@2x.png */,
			);
			path = Resources;
			sourceTree = "<group>";
		};
		C9F31E011BCCAB8E00E598E6 /* ASIHTTP */ = {
			isa = PBXGroup;
			children = (
				C9F31E021BCCAB8E00E598E6 /* Reachability.h */,
				C9F31E031BCCAB8E00E598E6 /* Reachability.m */,
			);
			path = ASIHTTP;
			sourceTree = "<group>";
		};
		C9F31E091BCCB0F000E598E6 /* 去电录音 */ = {
			isa = PBXGroup;
			children = (
				C9F31E421BCCD56300E598E6 /* CallViewController.h */,
				C9F31E431BCCD56300E598E6 /* CallViewController.m */,
				C979AE6D1BD640760050A926 /* CallListViewController.h */,
				C979AE6E1BD640760050A926 /* CallListViewController.m */,
			);
			name = "去电录音";
			sourceTree = "<group>";
		};
		C9F31E0A1BCCB0F600E598E6 /* 录音笔 */ = {
			isa = PBXGroup;
			children = (
				C9F31E4A1BCCD5D500E598E6 /* RecordViewController.h */,
				C9F31E4B1BCCD5D500E598E6 /* RecordViewController.m */,
				C979AE731BD640940050A926 /* RecordListViewController.h */,
				C979AE741BD640940050A926 /* RecordListViewController.m */,
			);
			name = "录音笔";
			sourceTree = "<group>";
		};
		C9F31E0B1BCCB0FB00E598E6 /* 随手拍 */ = {
			isa = PBXGroup;
			children = (
				C9F31E4D1BCCD5EF00E598E6 /* PhotographViewController.h */,
				C9F31E4E1BCCD5EF00E598E6 /* PhotographViewController.m */,
				C979AE701BD6408A0050A926 /* PhotographListViewController.h */,
				C979AE711BD6408A0050A926 /* PhotographListViewController.m */,
			);
			name = "随手拍";
			sourceTree = "<group>";
		};
		C9F31E0C1BCCB10100E598E6 /* 录像 */ = {
			isa = PBXGroup;
			children = (
				C9F31E501BCCD61C00E598E6 /* VideoViewController.h */,
				C9F31E511BCCD61C00E598E6 /* VideoViewController.m */,
				C979AE761BD641260050A926 /* VideoListViewController.h */,
				C979AE771BD641260050A926 /* VideoListViewController.m */,
			);
			name = "录像";
			sourceTree = "<group>";
		};
		C9F31E0D1BCCB10800E598E6 /* 事故处理 */ = {
			isa = PBXGroup;
			children = (
				C9F31E531BCCD63E00E598E6 /* AccidentViewController.h */,
				C9F31E541BCCD63E00E598E6 /* AccidentViewController.m */,
			);
			name = "事故处理";
			sourceTree = "<group>";
		};
		C9F31E111BCCB3E300E598E6 /* Category */ = {
			isa = PBXGroup;
			children = (
				C9F31E121BCCB3E300E598E6 /* AppDelegate+Utils.h */,
				C9F31E131BCCB3E300E598E6 /* AppDelegate+Utils.m */,
				C9F31E141BCCB3E300E598E6 /* NSString+Utils.h */,
				C9F31E151BCCB3E300E598E6 /* NSString+Utils.m */,
				C9F31E161BCCB3E300E598E6 /* UIButton+Utils.h */,
				C9F31E171BCCB3E300E598E6 /* UIButton+Utils.m */,
				C98A8CBD1BCE53D40096C69B /* UIColor+Utils.h */,
				C98A8CBE1BCE53D40096C69B /* UIColor+Utils.m */,
			);
			path = Category;
			sourceTree = "<group>";
		};
		C9F31E281BCCB61500E598E6 /* Model */ = {
			isa = PBXGroup;
			children = (
				C98A8C9F1BCDEA740096C69B /* VideoItem.h */,
				C98A8CA01BCDEA740096C69B /* VideoItem.m */,
				C98A8CA21BCDEA870096C69B /* RecordItem.h */,
				C98A8CA31BCDEA870096C69B /* RecordItem.m */,
				C98A8CA51BCDEAA50096C69B /* PhotographItem.h */,
				C98A8CA61BCDEAA50096C69B /* PhotographItem.m */,
			);
			name = Model;
			sourceTree = "<group>";
		};
		C9F31E301BCCB69C00E598E6 /* Framework */ = {
			isa = PBXGroup;
			children = (
				C9CBCB6F1BD76E71005A5CF1 /* AddressBookUI.framework */,
				C9CBCB6D1BD76E67005A5CF1 /* AddressBook.framework */,
				C9F31E2E1BCCB69200E598E6 /* libsqlite3.tbd */,
			);
			name = Framework;
			sourceTree = "<group>";
		};
		C9F31E311BCCB6CC00E598E6 /* Base */ = {
			isa = PBXGroup;
			children = (
				C9F31E321BCCB6CC00E598E6 /* BaseEGOTableViewPullRefreshViewController.h */,
				C9F31E331BCCB6CC00E598E6 /* BaseEGOTableViewPullRefreshViewController.m */,
				C9F31E341BCCB6CC00E598E6 /* BaseTableViewController.h */,
				C9F31E351BCCB6CC00E598E6 /* BaseTableViewController.m */,
				C9F31E361BCCB6CC00E598E6 /* BaseViewController.h */,
				C9F31E371BCCB6CC00E598E6 /* BaseViewController.m */,
				C98A8C9C1BCDEA5D0096C69B /* BaseItem.h */,
				C98A8C9D1BCDEA5D0096C69B /* BaseItem.m */,
			);
			path = Base;
			sourceTree = "<group>";
		};
		C9F31E451BCCD56B00E598E6 /* 公共 */ = {
			isa = PBXGroup;
			children = (
				C9F31E461BCCD58100E598E6 /* MainViewController.h */,
				C9F31E471BCCD58100E598E6 /* MainViewController.m */,
				C98A8CB31BCE51B70096C69B /* UploadViewController.h */,
				C98A8CB41BCE51B70096C69B /* UploadViewController.m */,
			);
			name = "公共";
			sourceTree = "<group>";
		};
/* End PBXGroup section */

/* Begin PBXNativeTarget section */
		C9C937811BCC9B6A0055B52D /* Car */ = {
			isa = PBXNativeTarget;
			buildConfigurationList = C9C937AF1BCC9B6A0055B52D /* Build configuration list for PBXNativeTarget "Car" */;
			buildPhases = (
				C9C9377E1BCC9B6A0055B52D /* Sources */,
				C9C9377F1BCC9B6A0055B52D /* Frameworks */,
				C9C937801BCC9B6A0055B52D /* Resources */,
			);
			buildRules = (
			);
			dependencies = (
			);
			name = Car;
			productName = Car;
			productReference = C9C937821BCC9B6A0055B52D /* Car.app */;
			productType = "com.apple.product-type.application";
		};
		C9C9379A1BCC9B6A0055B52D /* CarTests */ = {
			isa = PBXNativeTarget;
			buildConfigurationList = C9C937B21BCC9B6A0055B52D /* Build configuration list for PBXNativeTarget "CarTests" */;
			buildPhases = (
				C9C937971BCC9B6A0055B52D /* Sources */,
				C9C937981BCC9B6A0055B52D /* Frameworks */,
				C9C937991BCC9B6A0055B52D /* Resources */,
			);
			buildRules = (
			);
			dependencies = (
				C9C9379D1BCC9B6A0055B52D /* PBXTargetDependency */,
			);
			name = CarTests;
			productName = CarTests;
			productReference = C9C9379B1BCC9B6A0055B52D /* CarTests.xctest */;
			productType = "com.apple.product-type.bundle.unit-test";
		};
		C9C937A51BCC9B6A0055B52D /* CarUITests */ = {
			isa = PBXNativeTarget;
			buildConfigurationList = C9C937B51BCC9B6A0055B52D /* Build configuration list for PBXNativeTarget "CarUITests" */;
			buildPhases = (
				C9C937A21BCC9B6A0055B52D /* Sources */,
				C9C937A31BCC9B6A0055B52D /* Frameworks */,
				C9C937A41BCC9B6A0055B52D /* Resources */,
			);
			buildRules = (
			);
			dependencies = (
				C9C937A81BCC9B6A0055B52D /* PBXTargetDependency */,
			);
			name = CarUITests;
			productName = CarUITests;
			productReference = C9C937A61BCC9B6A0055B52D /* CarUITests.xctest */;
			productType = "com.apple.product-type.bundle.ui-testing";
		};
/* End PBXNativeTarget section */

/* Begin PBXProject section */
		C9C9377A1BCC9B6A0055B52D /* Project object */ = {
			isa = PBXProject;
			attributes = {
				LastUpgradeCheck = 0700;
				ORGANIZATIONNAME = Ancun;
				TargetAttributes = {
					C9C937811BCC9B6A0055B52D = {
						CreatedOnToolsVersion = 7.0.1;
						DevelopmentTeam = CWP72Z6TY9;
						SystemCapabilities = {
							com.apple.BackgroundModes = {
								enabled = 1;
							};
						};
					};
					C9C9379A1BCC9B6A0055B52D = {
						CreatedOnToolsVersion = 7.0.1;
						TestTargetID = C9C937811BCC9B6A0055B52D;
					};
					C9C937A51BCC9B6A0055B52D = {
						CreatedOnToolsVersion = 7.0.1;
						TestTargetID = C9C937811BCC9B6A0055B52D;
					};
				};
			};
			buildConfigurationList = C9C9377D1BCC9B6A0055B52D /* Build configuration list for PBXProject "Car" */;
			compatibilityVersion = "Xcode 3.2";
			developmentRegion = English;
			hasScannedForEncodings = 0;
			knownRegions = (
				en,
				Base,
				"zh-Hans",
			);
			mainGroup = C9C937791BCC9B6A0055B52D;
			productRefGroup = C9C937831BCC9B6A0055B52D /* Products */;
			projectDirPath = "";
			projectRoot = "";
			targets = (
				C9C937811BCC9B6A0055B52D /* Car */,
				C9C9379A1BCC9B6A0055B52D /* CarTests */,
				C9C937A51BCC9B6A0055B52D /* CarUITests */,
			);
		};
/* End PBXProject section */

/* Begin PBXResourcesBuildPhase section */
		C9C937801BCC9B6A0055B52D /* Resources */ = {
			isa = PBXResourcesBuildPhase;
			buildActionMask = 2147483647;
			files = (
				C9F31DF61BCCA9B400E598E6 /* blueArrow@2x.png in Resources */,
				C9C937921BCC9B6A0055B52D /* Assets.xcassets in Resources */,
				C9F31DFA1BCCA9B400E598E6 /* whiteArrow@2x.png in Resources */,
				C9F31DF31BCCA9B400E598E6 /* blackArrow.png in Resources */,
				C9F31DF81BCCA9B400E598E6 /* grayArrow@2x.png in Resources */,
				C9F31DF51BCCA9B400E598E6 /* blueArrow.png in Resources */,
				C9F31DF41BCCA9B400E598E6 /* blackArrow@2x.png in Resources */,
				C9F31DF71BCCA9B400E598E6 /* grayArrow.png in Resources */,
				C9F31DF91BCCA9B400E598E6 /* whiteArrow.png in Resources */,
				C9F31E3D1BCCD3C500E598E6 /* InfoPlist.strings in Resources */,
			);
			runOnlyForDeploymentPostprocessing = 0;
		};
		C9C937991BCC9B6A0055B52D /* Resources */ = {
			isa = PBXResourcesBuildPhase;
			buildActionMask = 2147483647;
			files = (
			);
			runOnlyForDeploymentPostprocessing = 0;
		};
		C9C937A41BCC9B6A0055B52D /* Resources */ = {
			isa = PBXResourcesBuildPhase;
			buildActionMask = 2147483647;
			files = (
			);
			runOnlyForDeploymentPostprocessing = 0;
		};
/* End PBXResourcesBuildPhase section */

/* Begin PBXSourcesBuildPhase section */
		C9C9377E1BCC9B6A0055B52D /* Sources */ = {
			isa = PBXSourcesBuildPhase;
			buildActionMask = 2147483647;
			files = (
				C9F31E441BCCD56300E598E6 /* CallViewController.m in Sources */,
				C9F31E551BCCD63E00E598E6 /* AccidentViewController.m in Sources */,
				C9F31DEF1BCCA9B400E598E6 /* EGORefreshTableHeaderView.m in Sources */,
				C9CBCB681BD76D8B005A5CF1 /* ChineseToPinyin.m in Sources */,
				C9CBCB6C1BD76DB3005A5CF1 /* AttributedLabel.m in Sources */,
				C98A8C9E1BCDEA5D0096C69B /* BaseItem.m in Sources */,
				C98A8CBC1BCE53A10096C69B /* XLLabel.m in Sources */,
				C9F31E3A1BCCB6CC00E598E6 /* BaseViewController.m in Sources */,
				C9F31DFF1BCCAB3600E598E6 /* HttpRequest.m in Sources */,
				C9F31E001BCCAB3600E598E6 /* Response.m in Sources */,
				C9F31E4C1BCCD5D500E598E6 /* RecordViewController.m in Sources */,
				C98A8CB21BCDEEA10096C69B /* VPImageCropperViewController.m in Sources */,
				C9CF7ADA1BCF83A700DBBCDA /* NotificationSettingViewController.m in Sources */,
				C9F31E381BCCB6CC00E598E6 /* BaseEGOTableViewPullRefreshViewController.m in Sources */,
				C9CF7AD11BCF838600DBBCDA /* AboutViewController.m in Sources */,
				C979AE781BD641260050A926 /* VideoListViewController.m in Sources */,
				C9CBCB611BD76D7B005A5CF1 /* ACContactCell.m in Sources */,
				C98A8CB01BCDEEA10096C69B /* CameraUtility.m in Sources */,
				C9F31E4F1BCCD5EF00E598E6 /* PhotographViewController.m in Sources */,
				C9F31E191BCCB3E300E598E6 /* NSString+Utils.m in Sources */,
				C98A8CBB1BCE53A10096C69B /* XLButton.m in Sources */,
				C98A8CA71BCDEAA50096C69B /* PhotographItem.m in Sources */,
				C98A8CA11BCDEA740096C69B /* VideoItem.m in Sources */,
				C979AE751BD640940050A926 /* RecordListViewController.m in Sources */,
				C9CBCB691BD76D8B005A5CF1 /* LongPressButton.m in Sources */,
				C9F31DD21BCCA76800E598E6 /* HttpDownload.m in Sources */,
				C9F31E271BCCB59A00E598E6 /* SQLiteOperate.m in Sources */,
				C9C9378A1BCC9B6A0055B52D /* AppDelegate.m in Sources */,
				C9F31E241BCCB4CC00E598E6 /* UserCenterViewController.m in Sources */,
				C9C937871BCC9B6A0055B52D /* main.m in Sources */,
				C9F31DF01BCCA9B400E598E6 /* LoadMoreTableFooterView.m in Sources */,
				C9F31E211BCCB4C100E598E6 /* RegisterViewController.m in Sources */,
				C979AE6F1BD640760050A926 /* CallListViewController.m in Sources */,
				C979AE721BD6408A0050A926 /* PhotographListViewController.m in Sources */,
				C988B5A71BDF0B7900A5F2E4 /* RecordCell.m in Sources */,
				C9CBCB621BD76D7B005A5CF1 /* ACContactSingleCell.m in Sources */,
				C9CF7AD71BCF839A00DBBCDA /* UploadSettingViewController.m in Sources */,
				C98A8CB51BCE51B70096C69B /* UploadViewController.m in Sources */,
				C9F31E521BCCD61C00E598E6 /* VideoViewController.m in Sources */,
				C9CF7AD41BCF839000DBBCDA /* FeedbackViewController.m in Sources */,
				C9CF7ACD1BCF837200DBBCDA /* ModifyPwdViewController.m in Sources */,
				C988B5A41BDF0B6100A5F2E4 /* VideoCell.m in Sources */,
				C9CF7ACA1BCF806100DBBCDA /* SettingViewController.m in Sources */,
				C9CF7ADE1BCF90BF00DBBCDA /* BidViewController.m in Sources */,
				C9F31E1D1BCCB4B500E598E6 /* LoginViewController.m in Sources */,
				C9C937C21BCCA0880055B52D /* EAIntroPage.m in Sources */,
				C98A8CB11BCDEEA10096C69B /* UIImage+Utils.m in Sources */,
				C9F31E481BCCD58100E598E6 /* MainViewController.m in Sources */,
				C9F31E1A1BCCB3E300E598E6 /* UIButton+Utils.m in Sources */,
				C9C937C31BCCA0880055B52D /* EAIntroView.m in Sources */,
				C9F31E391BCCB6CC00E598E6 /* BaseTableViewController.m in Sources */,
				C98A8CA41BCDEA870096C69B /* RecordItem.m in Sources */,
				C9F31DC81BCCA5D200E598E6 /* Common.m in Sources */,
				C98A8CBF1BCE53D40096C69B /* UIColor+Utils.m in Sources */,
				C9F31E181BCCB3E300E598E6 /* AppDelegate+Utils.m in Sources */,
				C9F31DF21BCCA9B400E598E6 /* PullTableView.m in Sources */,
				C9F31E041BCCAB8E00E598E6 /* Reachability.m in Sources */,
				C9F31DF11BCCA9B400E598E6 /* MessageInterceptor.m in Sources */,
			);
			runOnlyForDeploymentPostprocessing = 0;
		};
		C9C937971BCC9B6A0055B52D /* Sources */ = {
			isa = PBXSourcesBuildPhase;
			buildActionMask = 2147483647;
			files = (
				C9C937A01BCC9B6A0055B52D /* CarTests.m in Sources */,
			);
			runOnlyForDeploymentPostprocessing = 0;
		};
		C9C937A21BCC9B6A0055B52D /* Sources */ = {
			isa = PBXSourcesBuildPhase;
			buildActionMask = 2147483647;
			files = (
				C9C937AB1BCC9B6A0055B52D /* CarUITests.m in Sources */,
			);
			runOnlyForDeploymentPostprocessing = 0;
		};
/* End PBXSourcesBuildPhase section */

/* Begin PBXTargetDependency section */
		C9C9379D1BCC9B6A0055B52D /* PBXTargetDependency */ = {
			isa = PBXTargetDependency;
			target = C9C937811BCC9B6A0055B52D /* Car */;
			targetProxy = C9C9379C1BCC9B6A0055B52D /* PBXContainerItemProxy */;
		};
		C9C937A81BCC9B6A0055B52D /* PBXTargetDependency */ = {
			isa = PBXTargetDependency;
			target = C9C937811BCC9B6A0055B52D /* Car */;
			targetProxy = C9C937A71BCC9B6A0055B52D /* PBXContainerItemProxy */;
		};
/* End PBXTargetDependency section */

/* Begin PBXVariantGroup section */
		C9F31E3F1BCCD3C500E598E6 /* InfoPlist.strings */ = {
			isa = PBXVariantGroup;
			children = (
				C9F31E3E1BCCD3C500E598E6 /* en */,
				C9F31E411BCCD3D500E598E6 /* zh-Hans */,
			);
			name = InfoPlist.strings;
			sourceTree = "<group>";
		};
/* End PBXVariantGroup section */

/* Begin XCBuildConfiguration section */
		C9C937AD1BCC9B6A0055B52D /* Debug */ = {
			isa = XCBuildConfiguration;
			buildSettings = {
				ALWAYS_SEARCH_USER_PATHS = NO;
				CLANG_CXX_LANGUAGE_STANDARD = "gnu++0x";
				CLANG_CXX_LIBRARY = "libc++";
				CLANG_ENABLE_MODULES = YES;
				CLANG_ENABLE_OBJC_ARC = YES;
				CLANG_WARN_BOOL_CONVERSION = YES;
				CLANG_WARN_CONSTANT_CONVERSION = YES;
				CLANG_WARN_DIRECT_OBJC_ISA_USAGE = YES_ERROR;
				CLANG_WARN_EMPTY_BODY = YES;
				CLANG_WARN_ENUM_CONVERSION = YES;
				CLANG_WARN_INT_CONVERSION = YES;
				CLANG_WARN_OBJC_ROOT_CLASS = YES_ERROR;
				CLANG_WARN_UNREACHABLE_CODE = YES;
				CLANG_WARN__DUPLICATE_METHOD_MATCH = YES;
				"CODE_SIGN_IDENTITY[sdk=iphoneos*]" = "iPhone Developer";
				COPY_PHASE_STRIP = NO;
				DEBUG_INFORMATION_FORMAT = dwarf;
				ENABLE_STRICT_OBJC_MSGSEND = YES;
				ENABLE_TESTABILITY = YES;
				GCC_C_LANGUAGE_STANDARD = gnu99;
				GCC_DYNAMIC_NO_PIC = NO;
				GCC_NO_COMMON_BLOCKS = YES;
				GCC_OPTIMIZATION_LEVEL = 0;
				GCC_PREPROCESSOR_DEFINITIONS = (
					"DEBUG=1",
					"$(inherited)",
				);
				GCC_WARN_64_TO_32_BIT_CONVERSION = YES;
				GCC_WARN_ABOUT_RETURN_TYPE = YES_ERROR;
				GCC_WARN_UNDECLARED_SELECTOR = YES;
				GCC_WARN_UNINITIALIZED_AUTOS = YES_AGGRESSIVE;
				GCC_WARN_UNUSED_FUNCTION = YES;
				GCC_WARN_UNUSED_VARIABLE = YES;
				IPHONEOS_DEPLOYMENT_TARGET = 9.0;
				MTL_ENABLE_DEBUG_INFO = YES;
				ONLY_ACTIVE_ARCH = YES;
				SDKROOT = iphoneos;
			};
			name = Debug;
		};
		C9C937AE1BCC9B6A0055B52D /* Release */ = {
			isa = XCBuildConfiguration;
			buildSettings = {
				ALWAYS_SEARCH_USER_PATHS = NO;
				CLANG_CXX_LANGUAGE_STANDARD = "gnu++0x";
				CLANG_CXX_LIBRARY = "libc++";
				CLANG_ENABLE_MODULES = YES;
				CLANG_ENABLE_OBJC_ARC = YES;
				CLANG_WARN_BOOL_CONVERSION = YES;
				CLANG_WARN_CONSTANT_CONVERSION = YES;
				CLANG_WARN_DIRECT_OBJC_ISA_USAGE = YES_ERROR;
				CLANG_WARN_EMPTY_BODY = YES;
				CLANG_WARN_ENUM_CONVERSION = YES;
				CLANG_WARN_INT_CONVERSION = YES;
				CLANG_WARN_OBJC_ROOT_CLASS = YES_ERROR;
				CLANG_WARN_UNREACHABLE_CODE = YES;
				CLANG_WARN__DUPLICATE_METHOD_MATCH = YES;
				"CODE_SIGN_IDENTITY[sdk=iphoneos*]" = "iPhone Developer";
				COPY_PHASE_STRIP = NO;
				DEBUG_INFORMATION_FORMAT = "dwarf-with-dsym";
				ENABLE_NS_ASSERTIONS = NO;
				ENABLE_STRICT_OBJC_MSGSEND = YES;
				GCC_C_LANGUAGE_STANDARD = gnu99;
				GCC_NO_COMMON_BLOCKS = YES;
				GCC_WARN_64_TO_32_BIT_CONVERSION = YES;
				GCC_WARN_ABOUT_RETURN_TYPE = YES_ERROR;
				GCC_WARN_UNDECLARED_SELECTOR = YES;
				GCC_WARN_UNINITIALIZED_AUTOS = YES_AGGRESSIVE;
				GCC_WARN_UNUSED_FUNCTION = YES;
				GCC_WARN_UNUSED_VARIABLE = YES;
				IPHONEOS_DEPLOYMENT_TARGET = 9.0;
				MTL_ENABLE_DEBUG_INFO = NO;
				SDKROOT = iphoneos;
				VALIDATE_PRODUCT = YES;
			};
			name = Release;
		};
		C9C937B01BCC9B6A0055B52D /* Debug */ = {
			isa = XCBuildConfiguration;
			buildSettings = {
				ASSETCATALOG_COMPILER_APPICON_NAME = AppIcon;
				ASSETCATALOG_COMPILER_LAUNCHIMAGE_NAME = LaunchImage;
				CODE_SIGN_IDENTITY = "iPhone Developer";
				GCC_PREFIX_HEADER = "$(SRCROOT)/Car/Car.pch";
				INFOPLIST_FILE = Car/Info.plist;
				IPHONEOS_DEPLOYMENT_TARGET = 8.0;
				LD_RUNPATH_SEARCH_PATHS = "$(inherited) @executable_path/Frameworks";
				PRODUCT_BUNDLE_IDENTIFIER = com.ancun.car;
				PRODUCT_NAME = "$(TARGET_NAME)";
			};
			name = Debug;
		};
		C9C937B11BCC9B6A0055B52D /* Release */ = {
			isa = XCBuildConfiguration;
			buildSettings = {
				ASSETCATALOG_COMPILER_APPICON_NAME = AppIcon;
				ASSETCATALOG_COMPILER_LAUNCHIMAGE_NAME = LaunchImage;
				CODE_SIGN_IDENTITY = "iPhone Developer";
				GCC_PREFIX_HEADER = "$(SRCROOT)/Car/Car.pch";
				INFOPLIST_FILE = Car/Info.plist;
				IPHONEOS_DEPLOYMENT_TARGET = 8.0;
				LD_RUNPATH_SEARCH_PATHS = "$(inherited) @executable_path/Frameworks";
				PRODUCT_BUNDLE_IDENTIFIER = com.ancun.car;
				PRODUCT_NAME = "$(TARGET_NAME)";
			};
			name = Release;
		};
		C9C937B31BCC9B6A0055B52D /* Debug */ = {
			isa = XCBuildConfiguration;
			buildSettings = {
				BUNDLE_LOADER = "$(TEST_HOST)";
				INFOPLIST_FILE = CarTests/Info.plist;
				LD_RUNPATH_SEARCH_PATHS = "$(inherited) @executable_path/Frameworks @loader_path/Frameworks";
				PRODUCT_BUNDLE_IDENTIFIER = com.ancun.car.CarTests;
				PRODUCT_NAME = "$(TARGET_NAME)";
				TEST_HOST = "$(BUILT_PRODUCTS_DIR)/Car.app/Car";
			};
			name = Debug;
		};
		C9C937B41BCC9B6A0055B52D /* Release */ = {
			isa = XCBuildConfiguration;
			buildSettings = {
				BUNDLE_LOADER = "$(TEST_HOST)";
				INFOPLIST_FILE = CarTests/Info.plist;
				LD_RUNPATH_SEARCH_PATHS = "$(inherited) @executable_path/Frameworks @loader_path/Frameworks";
				PRODUCT_BUNDLE_IDENTIFIER = com.ancun.car.CarTests;
				PRODUCT_NAME = "$(TARGET_NAME)";
				TEST_HOST = "$(BUILT_PRODUCTS_DIR)/Car.app/Car";
			};
			name = Release;
		};
		C9C937B61BCC9B6A0055B52D /* Debug */ = {
			isa = XCBuildConfiguration;
			buildSettings = {
				INFOPLIST_FILE = CarUITests/Info.plist;
				LD_RUNPATH_SEARCH_PATHS = "$(inherited) @executable_path/Frameworks @loader_path/Frameworks";
				PRODUCT_BUNDLE_IDENTIFIER = com.ancun.car.CarUITests;
				PRODUCT_NAME = "$(TARGET_NAME)";
				TEST_TARGET_NAME = Car;
				USES_XCTRUNNER = YES;
			};
			name = Debug;
		};
		C9C937B71BCC9B6A0055B52D /* Release */ = {
			isa = XCBuildConfiguration;
			buildSettings = {
				INFOPLIST_FILE = CarUITests/Info.plist;
				LD_RUNPATH_SEARCH_PATHS = "$(inherited) @executable_path/Frameworks @loader_path/Frameworks";
				PRODUCT_BUNDLE_IDENTIFIER = com.ancun.car.CarUITests;
				PRODUCT_NAME = "$(TARGET_NAME)";
				TEST_TARGET_NAME = Car;
				USES_XCTRUNNER = YES;
			};
			name = Release;
		};
/* End XCBuildConfiguration section */

/* Begin XCConfigurationList section */
		C9C9377D1BCC9B6A0055B52D /* Build configuration list for PBXProject "Car" */ = {
			isa = XCConfigurationList;
			buildConfigurations = (
				C9C937AD1BCC9B6A0055B52D /* Debug */,
				C9C937AE1BCC9B6A0055B52D /* Release */,
			);
			defaultConfigurationIsVisible = 0;
			defaultConfigurationName = Release;
		};
		C9C937AF1BCC9B6A0055B52D /* Build configuration list for PBXNativeTarget "Car" */ = {
			isa = XCConfigurationList;
			buildConfigurations = (
				C9C937B01BCC9B6A0055B52D /* Debug */,
				C9C937B11BCC9B6A0055B52D /* Release */,
			);
			defaultConfigurationIsVisible = 0;
			defaultConfigurationName = Release;
		};
		C9C937B21BCC9B6A0055B52D /* Build configuration list for PBXNativeTarget "CarTests" */ = {
			isa = XCConfigurationList;
			buildConfigurations = (
				C9C937B31BCC9B6A0055B52D /* Debug */,
				C9C937B41BCC9B6A0055B52D /* Release */,
			);
			defaultConfigurationIsVisible = 0;
			defaultConfigurationName = Release;
		};
		C9C937B51BCC9B6A0055B52D /* Build configuration list for PBXNativeTarget "CarUITests" */ = {
			isa = XCConfigurationList;
			buildConfigurations = (
				C9C937B61BCC9B6A0055B52D /* Debug */,
				C9C937B71BCC9B6A0055B52D /* Release */,
			);
			defaultConfigurationIsVisible = 0;
			defaultConfigurationName = Release;
		};
/* End XCConfigurationList section */
	};
	rootObject = C9C9377A1BCC9B6A0055B52D /* Project object */;
}
